hash: 6371e41bd6f44b882d4c8cc32f4000d3e541ddcb9ed4947f53bb44ef5c3343d9
updated: 2017-01-04T16:48:02.857497717-07:00
imports:
- name: github.com/gorilla/context
  version: 08b5f424b9271eedf6f9f0ce86cb9396ed337a42
- name: github.com/gorilla/mux
  version: 757bef944d0f21880861c2dd9c871ca543023cba
- name: github.com/lib/pq
  version: 22cb3e4c487ce6242e2b03369219e5631eed1221
  subpackages:
  - oid
testImports: []
